# Generated by buf. DO NOT EDIT.
version: v1
deps:
  - remote: buf.build
    owner: clr
    repository: rpc-errormapper-go
    commit: e0dd79784333498e917d415c7f9e6bfb
    digest: shake256:6b28bb7ce5ebbcc9d83a4fb67ffee5eb1373fb7169ac4a021c45a7f8aed26134001970b17a0a2d9ad6e56d98b4f80656ce1250de116d2435cf75e779c1a97aa6
